
Microsoft Visual Studio Solution File, Format Version 12.00
# Visual Studio Version 17
VisualStudioVersion = 17.2.32505.173
MinimumVisualStudioVersion = 10.0.40219.1
Project("{9A19103F-16F7-4668-BE54-9A1E7A4F7556}") = "Marielinas.ASP.NET6.0", "Marielinas.ASP.NET6.0.csproj", "{D7A8E152-136F-4314-B77A-88F44F422305}"
EndProject
Global
	GlobalSection(SolutionConfigurationPlatforms) = preSolution
		Debug|Any CPU = Debug|Any CPU
		Release|Any CPU = Release|Any CPU
	EndGlobalSection
	GlobalSection(ProjectConfigurationPlatforms) = postSolution
		{D7A8E152-136F-4314-B77A-88F44F422305}.Debug|Any CPU.ActiveCfg = Debug|Any CPU
		{D7A8E152-136F-4314-B77A-88F44F422305}.Debug|Any CPU.Build.0 = Debug|Any CPU
		{D7A8E152-136F-4314-B77A-88F44F422305}.Release|Any CPU.ActiveCfg = Release|Any CPU
		{D7A8E152-136F-4314-B77A-88F44F422305}.Release|Any CPU.Build.0 = Release|Any CPU
	EndGlobalSection
	GlobalSection(SolutionProperties) = preSolution
		HideSolutionNode = FALSE
	EndGlobalSection
	GlobalSection(ExtensibilityGlobals) = postSolution
		SolutionGuid = {3080DFFE-026E-46EC-87B1-74B7EBAF626B}
	EndGlobalSection
EndGlobal
